<?xml version="1.0" encoding="utf-8"?>
<Project ToolsVersion="4.0" xmlns="http://schemas.microsoft.com/developer/msbuild/2003">
  <ItemGroup>
    <Filter Include="소스 파일">
      <UniqueIdentifier>{4FC737F1-C7A5-4376-A066-2A32D752A2FF}</UniqueIdentifier>
      <Extensions>cpp;c;cc;cxx;def;odl;idl;hpj;bat;asm;asmx</Extensions>
    </Filter>
    <Filter Include="리소스 파일">
      <UniqueIdentifier>{67DA6AB6-F800-4c08-8B7A-83BB121AAD01}</UniqueIdentifier>
      <Extensions>rc;ico;cur;bmp;dlg;rc2;rct;bin;rgs;gif;jpg;jpeg;jpe;resx;tiff;tif;png;wav;mfcribbon-ms</Extensions>
    </Filter>
    <Filter Include="소스 파일\controller">
      <UniqueIdentifier>{b71c76ce-032a-461a-acf5-1e3a26d3d49c}</UniqueIdentifier>
    </Filter>
    <Filter Include="소스 파일\domain">
      <UniqueIdentifier>{3952abcc-173b-4553-9315-aa92f3d4857f}</UniqueIdentifier>
    </Filter>
    <Filter Include="소스 파일\util">
      <UniqueIdentifier>{f505e45d-60b0-4a0a-8a30-7e3eddc49bc9}</UniqueIdentifier>
    </Filter>
    <Filter Include="소스 파일\collection">
      <UniqueIdentifier>{17444046-53cc-436e-ab83-6aa6cf853a0b}</UniqueIdentifier>
    </Filter>
    <Filter Include="소스 파일\ui">
      <UniqueIdentifier>{3bffe5b3-07af-49e9-ae84-226d6c387a72}</UniqueIdentifier>
    </Filter>
    <Filter Include="소스 파일\헤더 파일">
      <UniqueIdentifier>{93995380-89BD-4b04-88EB-625FBE52EBFB}</UniqueIdentifier>
      <Extensions>h;hh;hpp;hxx;hm;inl;inc;ipp;xsd</Extensions>
    </Filter>
    <Filter Include="소스 파일\app">
      <UniqueIdentifier>{901f248f-27ba-4e77-893a-1b5855cd97c3}</UniqueIdentifier>
    </Filter>
  </ItemGroup>
  <ItemGroup>
    <ClInclude Include="stdafx.h">
      <Filter>소스 파일\헤더 파일</Filter>
    </ClInclude>
    <ClInclude Include="targetver.h">
      <Filter>소스 파일\헤더 파일</Filter>
    </ClInclude>
    <ClInclude Include="HomeTeam.h">
      <Filter>소스 파일\헤더 파일</Filter>
    </ClInclude>
    <ClInclude Include="Ticket.h">
      <Filter>소스 파일\헤더 파일</Filter>
    </ClInclude>
    <ClInclude Include="HomeTeamCollection.h">
      <Filter>소스 파일\헤더 파일</Filter>
    </ClInclude>
    <ClInclude Include="TicketCollection.h">
      <Filter>소스 파일\헤더 파일</Filter>
    </ClInclude>
    <ClInclude Include="SearchAvailableTickets.h">
      <Filter>소스 파일\헤더 파일</Filter>
    </ClInclude>
    <ClInclude Include="SearchAvailableTicketsUI.h">
      <Filter>소스 파일\헤더 파일</Filter>
    </ClInclude>
    <ClInclude Include="Member.h">
      <Filter>소스 파일\헤더 파일</Filter>
    </ClInclude>
    <ClInclude Include="Buyer.h">
      <Filter>소스 파일\헤더 파일</Filter>
    </ClInclude>
    <ClInclude Include="BookTicket.h">
      <Filter>소스 파일\헤더 파일</Filter>
    </ClInclude>
    <ClInclude Include="SearchBookedTicketsUI.h">
      <Filter>소스 파일\헤더 파일</Filter>
    </ClInclude>
    <ClInclude Include="SearchBookedTickets.h">
      <Filter>소스 파일\헤더 파일</Filter>
    </ClInclude>
    <ClInclude Include="login.h">
      <Filter>소스 파일\헤더 파일</Filter>
    </ClInclude>
    <ClInclude Include="loginUI.h">
      <Filter>소스 파일\헤더 파일</Filter>
    </ClInclude>
    <ClInclude Include="logout.h">
      <Filter>소스 파일\헤더 파일</Filter>
    </ClInclude>
    <ClInclude Include="logoutUI.h">
      <Filter>소스 파일\헤더 파일</Filter>
    </ClInclude>
    <ClInclude Include="memberCollection.h">
      <Filter>소스 파일\헤더 파일</Filter>
    </ClInclude>
    <ClInclude Include="memberManagement.h">
      <Filter>소스 파일\헤더 파일</Filter>
    </ClInclude>
    <ClInclude Include="seller.h">
      <Filter>소스 파일\헤더 파일</Filter>
    </ClInclude>
    <ClInclude Include="signUp.h">
      <Filter>소스 파일\헤더 파일</Filter>
    </ClInclude>
    <ClInclude Include="signUpUI.h">
      <Filter>소스 파일\헤더 파일</Filter>
    </ClInclude>
    <ClInclude Include="RegisterTicket.h">
      <Filter>소스 파일\헤더 파일</Filter>
    </ClInclude>
    <ClInclude Include="RegisterTicketUI.h">
      <Filter>소스 파일\헤더 파일</Filter>
    </ClInclude>
    <ClInclude Include="SearchRegisteredTicket.h">
      <Filter>소스 파일\헤더 파일</Filter>
    </ClInclude>
    <ClInclude Include="SearchRegisteredTicketUI.h">
      <Filter>소스 파일\헤더 파일</Filter>
    </ClInclude>
    <ClInclude Include="TimerUI.h">
      <Filter>소스 파일\헤더 파일</Filter>
    </ClInclude>
    <ClInclude Include="TimerController.h">
      <Filter>소스 파일\헤더 파일</Filter>
    </ClInclude>
    <ClInclude Include="Timer.h">
      <Filter>소스 파일\헤더 파일</Filter>
    </ClInclude>
    <ClInclude Include="SearchAuctionTickets.h">
      <Filter>소스 파일\헤더 파일</Filter>
    </ClInclude>
    <ClInclude Include="SearchAuctionTicketsUI.h">
      <Filter>소스 파일\헤더 파일</Filter>
    </ClInclude>
    <ClInclude Include="ParticipateAuction.h">
      <Filter>소스 파일\헤더 파일</Filter>
    </ClInclude>
    <ClInclude Include="RegisterAuctionTicket.h">
      <Filter>소스 파일\헤더 파일</Filter>
    </ClInclude>
    <ClInclude Include="AuctionTicketCollection.h">
      <Filter>소스 파일\헤더 파일</Filter>
    </ClInclude>
    <ClInclude Include="AuctionTicket.h">
      <Filter>소스 파일\헤더 파일</Filter>
    </ClInclude>
    <ClInclude Include="CloseAuctionTicket.h">
      <Filter>소스 파일\헤더 파일</Filter>
    </ClInclude>
    <ClInclude Include="deleteAccount.h">
      <Filter>소스 파일\헤더 파일</Filter>
    </ClInclude>
    <ClInclude Include="deleteAccountUI.h">
      <Filter>소스 파일\헤더 파일</Filter>
    </ClInclude>
  </ItemGroup>
  <ItemGroup>
    <ClCompile Include="stdafx.cpp">
      <Filter>소스 파일</Filter>
    </ClCompile>
    <ClCompile Include="swe_hw3.cpp">
      <Filter>소스 파일\app</Filter>
    </ClCompile>
    <ClCompile Include="HomeTeam.cpp">
      <Filter>소스 파일\domain</Filter>
    </ClCompile>
    <ClCompile Include="Ticket.cpp">
      <Filter>소스 파일\domain</Filter>
    </ClCompile>
    <ClCompile Include="HomeTeamCollection.cpp">
      <Filter>소스 파일\collection</Filter>
    </ClCompile>
    <ClCompile Include="TicketCollection.cpp">
      <Filter>소스 파일\collection</Filter>
    </ClCompile>
    <ClCompile Include="SearchAvailableTickets.cpp">
      <Filter>소스 파일\controller</Filter>
    </ClCompile>
    <ClCompile Include="SearchAvailableTicketsUI.cpp">
      <Filter>소스 파일\ui</Filter>
    </ClCompile>
    <ClCompile Include="Member.cpp">
      <Filter>소스 파일\domain</Filter>
    </ClCompile>
    <ClCompile Include="Buyer.cpp">
      <Filter>소스 파일\domain</Filter>
    </ClCompile>
    <ClCompile Include="BookTicket.cpp">
      <Filter>소스 파일\controller</Filter>
    </ClCompile>
    <ClCompile Include="SearchBookedTicketsUI.cpp">
      <Filter>소스 파일\ui</Filter>
    </ClCompile>
    <ClCompile Include="SearchBookedTickets.cpp">
      <Filter>소스 파일\controller</Filter>
    </ClCompile>
    <ClCompile Include="login.cpp">
      <Filter>소스 파일\controller</Filter>
    </ClCompile>
    <ClCompile Include="loginUI.cpp">
      <Filter>소스 파일\ui</Filter>
    </ClCompile>
    <ClCompile Include="logout.cpp">
      <Filter>소스 파일\controller</Filter>
    </ClCompile>
    <ClCompile Include="logoutUI.cpp">
      <Filter>소스 파일\ui</Filter>
    </ClCompile>
    <ClCompile Include="memberCollection.cpp">
      <Filter>소스 파일\collection</Filter>
    </ClCompile>
    <ClCompile Include="memberManagement.cpp">
      <Filter>소스 파일\util</Filter>
    </ClCompile>
    <ClCompile Include="seller.cpp">
      <Filter>소스 파일\domain</Filter>
    </ClCompile>
    <ClCompile Include="signUp.cpp">
      <Filter>소스 파일\controller</Filter>
    </ClCompile>
    <ClCompile Include="signUpUI.cpp">
      <Filter>소스 파일\ui</Filter>
    </ClCompile>
    <ClCompile Include="RegisterTicketUI.cpp">
      <Filter>소스 파일\ui</Filter>
    </ClCompile>
    <ClCompile Include="RegisterTicket.cpp">
      <Filter>소스 파일\controller</Filter>
    </ClCompile>
    <ClCompile Include="SearchRegisteredTIcketUI.cpp">
      <Filter>소스 파일\ui</Filter>
    </ClCompile>
    <ClCompile Include="SearchRegisteredTicket.cpp">
      <Filter>소스 파일\controller</Filter>
    </ClCompile>
    <ClCompile Include="TimerUI.cpp">
      <Filter>소스 파일\ui</Filter>
    </ClCompile>
    <ClCompile Include="TimerController.cpp">
      <Filter>소스 파일\controller</Filter>
    </ClCompile>
    <ClCompile Include="Timer.cpp">
      <Filter>소스 파일\util</Filter>
    </ClCompile>
    <ClCompile Include="SearchAuctionTickets.cpp">
      <Filter>소스 파일\controller</Filter>
    </ClCompile>
    <ClCompile Include="SearchAuctionTicketsUI.cpp">
      <Filter>소스 파일\ui</Filter>
    </ClCompile>
    <ClCompile Include="ParticipateAuction.cpp">
      <Filter>소스 파일\controller</Filter>
    </ClCompile>
    <ClCompile Include="RegisterAuctionTicket.cpp">
      <Filter>소스 파일\controller</Filter>
    </ClCompile>
    <ClCompile Include="AuctionTicketCollection.cpp">
      <Filter>소스 파일\collection</Filter>
    </ClCompile>
    <ClCompile Include="AuctionTicket.cpp">
      <Filter>소스 파일\domain</Filter>
    </ClCompile>
    <ClCompile Include="CloseAuctionTicket.cpp">
      <Filter>소스 파일\controller</Filter>
    </ClCompile>
    <ClCompile Include="deleteAccount.cpp">
      <Filter>소스 파일\controller</Filter>
    </ClCompile>
    <ClCompile Include="deleteAccountUI.cpp">
      <Filter>소스 파일\ui</Filter>
    </ClCompile>
  </ItemGroup>
</Project>